
Microsoft Visual Studio Solution File, Format Version 12.00
# Visual Studio Version 17
VisualStudioVersion = 17.13.35828.75
MinimumVisualStudioVersion = 10.0.40219.1
Project("{FAE04EC0-301F-11D3-BF4B-00C04F79EFBC}") = "EDDY.IS.EmsLeadEngine.Service", "EDDY.IS.EmsLeadEngine\EDDY.IS.EmsLeadEngine.Service.csproj", "{CA650956-226D-460B-AE75-F208CAEBC47A}"
EndProject
Project("{FAE04EC0-301F-11D3-BF4B-00C04F79EFBC}") = "EDDY.IS.EmsLeadEngine.Tests", "EDDY.IS.EmsLeadEngine.Tests\EDDY.IS.EmsLeadEngine.Tests.csproj", "{A04CC030-118F-42E4-B9D5-8720F4796BF1}"
EndProject
Project("{FAE04EC0-301F-11D3-BF4B-00C04F79EFBC}") = "EDDY.IS.EmsLeadEngine.Core", "EDDY.IS.EmsLeadEngine.Core\EDDY.IS.EmsLeadEngine.Core.csproj", "{5BE7FE45-26FB-489D-B5D3-F2CA7529EC8E}"
EndProject
Project("{FAE04EC0-301F-11D3-BF4B-00C04F79EFBC}") = "EDDY.IS.EmsLeadEngine.Entities", "EDDY.IS.EmsLeadEngine.Entities\EDDY.IS.EmsLeadEngine.Entities.csproj", "{D3C95B7F-2E54-4818-886D-E921229AC8BF}"
EndProject
Project("{2150E333-8FDC-42A3-9474-1A3956D46DE8}") = "Apex.Code", "Apex.Code", "{6DC07889-4B7E-49D5-BE38-3A158E5C52EA}"
	ProjectSection(SolutionItems) = preProject
		Class.EddyLeadHelper.txt = Class.EddyLeadHelper.txt
		Class.WebServiceCallout.txt = Class.WebServiceCallout.txt
		LeadServiceTriggerTest.txt = LeadServiceTriggerTest.txt
		TestDataFactory.txt = TestDataFactory.txt
		Trigger.LeadInsert.txt = Trigger.LeadInsert.txt
		Trigger.LeadServiceBeforeUpdate.txt = Trigger.LeadServiceBeforeUpdate.txt
		Trigger.LeadUpdate.txt = Trigger.LeadUpdate.txt
	EndProjectSection
EndProject
Project("{FAE04EC0-301F-11D3-BF4B-00C04F79EFBC}") = "EDDY.IS.EMSPostUpServiceClient", "..\EMSEmailMarketing\EDDY.IS.EMSPostUpServiceClient\EDDY.IS.EMSPostUpServiceClient.csproj", "{6FC38DC6-B98B-4928-831A-C3D122B9C981}"
EndProject
Global
	GlobalSection(SolutionConfigurationPlatforms) = preSolution
		Debug|Any CPU = Debug|Any CPU
		Debug|x86 = Debug|x86
		DEMO|Any CPU = DEMO|Any CPU
		DEMO|x86 = DEMO|x86
		DEVSTAGE|Any CPU = DEVSTAGE|Any CPU
		DEVSTAGE|x86 = DEVSTAGE|x86
		MIKETESTENV|Any CPU = MIKETESTENV|Any CPU
		MIKETESTENV|x86 = MIKETESTENV|x86
		PRODUCTIONSUPORT|Any CPU = PRODUCTIONSUPORT|Any CPU
		PRODUCTIONSUPORT|x86 = PRODUCTIONSUPORT|x86
		QA|Any CPU = QA|Any CPU
		QA|x86 = QA|x86
		QASTAGE|Any CPU = QASTAGE|Any CPU
		QASTAGE|x86 = QASTAGE|x86
		QASTAGE02|Any CPU = QASTAGE02|Any CPU
		QASTAGE02|x86 = QASTAGE02|x86
		Release|Any CPU = Release|Any CPU
		Release|x86 = Release|x86
		UAT 2|Any CPU = UAT 2|Any CPU
		UAT 2|x86 = UAT 2|x86
		UAT|Any CPU = UAT|Any CPU
		UAT|x86 = UAT|x86
	EndGlobalSection
	GlobalSection(ProjectConfigurationPlatforms) = postSolution
		{CA650956-226D-460B-AE75-F208CAEBC47A}.Debug|Any CPU.ActiveCfg = Debug|Any CPU
		{CA650956-226D-460B-AE75-F208CAEBC47A}.Debug|Any CPU.Build.0 = Debug|Any CPU
		{CA650956-226D-460B-AE75-F208CAEBC47A}.Debug|x86.ActiveCfg = Debug|Any CPU
		{CA650956-226D-460B-AE75-F208CAEBC47A}.Debug|x86.Build.0 = Debug|Any CPU
		{CA650956-226D-460B-AE75-F208CAEBC47A}.DEMO|Any CPU.ActiveCfg = Debug|Any CPU
		{CA650956-226D-460B-AE75-F208CAEBC47A}.DEMO|Any CPU.Build.0 = Debug|Any CPU
		{CA650956-226D-460B-AE75-F208CAEBC47A}.DEMO|x86.ActiveCfg = Debug|Any CPU
		{CA650956-226D-460B-AE75-F208CAEBC47A}.DEMO|x86.Build.0 = Debug|Any CPU
		{CA650956-226D-460B-AE75-F208CAEBC47A}.DEVSTAGE|Any CPU.ActiveCfg = Debug|Any CPU
		{CA650956-226D-460B-AE75-F208CAEBC47A}.DEVSTAGE|Any CPU.Build.0 = Debug|Any CPU
		{CA650956-226D-460B-AE75-F208CAEBC47A}.DEVSTAGE|x86.ActiveCfg = Debug|Any CPU
		{CA650956-226D-460B-AE75-F208CAEBC47A}.DEVSTAGE|x86.Build.0 = Debug|Any CPU
		{CA650956-226D-460B-AE75-F208CAEBC47A}.MIKETESTENV|Any CPU.ActiveCfg = Release|Any CPU
		{CA650956-226D-460B-AE75-F208CAEBC47A}.MIKETESTENV|Any CPU.Build.0 = Release|Any CPU
		{CA650956-226D-460B-AE75-F208CAEBC47A}.MIKETESTENV|x86.ActiveCfg = Release|Any CPU
		{CA650956-226D-460B-AE75-F208CAEBC47A}.MIKETESTENV|x86.Build.0 = Release|Any CPU
		{CA650956-226D-460B-AE75-F208CAEBC47A}.PRODUCTIONSUPORT|Any CPU.ActiveCfg = Release|Any CPU
		{CA650956-226D-460B-AE75-F208CAEBC47A}.PRODUCTIONSUPORT|Any CPU.Build.0 = Release|Any CPU
		{CA650956-226D-460B-AE75-F208CAEBC47A}.PRODUCTIONSUPORT|x86.ActiveCfg = Release|Any CPU
		{CA650956-226D-460B-AE75-F208CAEBC47A}.PRODUCTIONSUPORT|x86.Build.0 = Release|Any CPU
		{CA650956-226D-460B-AE75-F208CAEBC47A}.QA|Any CPU.ActiveCfg = Release|Any CPU
		{CA650956-226D-460B-AE75-F208CAEBC47A}.QA|Any CPU.Build.0 = Release|Any CPU
		{CA650956-226D-460B-AE75-F208CAEBC47A}.QA|x86.ActiveCfg = Release|Any CPU
		{CA650956-226D-460B-AE75-F208CAEBC47A}.QA|x86.Build.0 = Release|Any CPU
		{CA650956-226D-460B-AE75-F208CAEBC47A}.QASTAGE|Any CPU.ActiveCfg = Release|Any CPU
		{CA650956-226D-460B-AE75-F208CAEBC47A}.QASTAGE|Any CPU.Build.0 = Release|Any CPU
		{CA650956-226D-460B-AE75-F208CAEBC47A}.QASTAGE|x86.ActiveCfg = Release|Any CPU
		{CA650956-226D-460B-AE75-F208CAEBC47A}.QASTAGE|x86.Build.0 = Release|Any CPU
		{CA650956-226D-460B-AE75-F208CAEBC47A}.QASTAGE02|Any CPU.ActiveCfg = Release|Any CPU
		{CA650956-226D-460B-AE75-F208CAEBC47A}.QASTAGE02|Any CPU.Build.0 = Release|Any CPU
		{CA650956-226D-460B-AE75-F208CAEBC47A}.QASTAGE02|x86.ActiveCfg = Release|Any CPU
		{CA650956-226D-460B-AE75-F208CAEBC47A}.QASTAGE02|x86.Build.0 = Release|Any CPU
		{CA650956-226D-460B-AE75-F208CAEBC47A}.Release|Any CPU.ActiveCfg = Release|Any CPU
		{CA650956-226D-460B-AE75-F208CAEBC47A}.Release|Any CPU.Build.0 = Release|Any CPU
		{CA650956-226D-460B-AE75-F208CAEBC47A}.Release|x86.ActiveCfg = Release|Any CPU
		{CA650956-226D-460B-AE75-F208CAEBC47A}.Release|x86.Build.0 = Release|Any CPU
		{CA650956-226D-460B-AE75-F208CAEBC47A}.UAT 2|Any CPU.ActiveCfg = Release|Any CPU
		{CA650956-226D-460B-AE75-F208CAEBC47A}.UAT 2|Any CPU.Build.0 = Release|Any CPU
		{CA650956-226D-460B-AE75-F208CAEBC47A}.UAT 2|x86.ActiveCfg = Release|Any CPU
		{CA650956-226D-460B-AE75-F208CAEBC47A}.UAT 2|x86.Build.0 = Release|Any CPU
		{CA650956-226D-460B-AE75-F208CAEBC47A}.UAT|Any CPU.ActiveCfg = Release|Any CPU
		{CA650956-226D-460B-AE75-F208CAEBC47A}.UAT|Any CPU.Build.0 = Release|Any CPU
		{CA650956-226D-460B-AE75-F208CAEBC47A}.UAT|x86.ActiveCfg = Release|Any CPU
		{CA650956-226D-460B-AE75-F208CAEBC47A}.UAT|x86.Build.0 = Release|Any CPU
		{A04CC030-118F-42E4-B9D5-8720F4796BF1}.Debug|Any CPU.ActiveCfg = Debug|Any CPU
		{A04CC030-118F-42E4-B9D5-8720F4796BF1}.Debug|Any CPU.Build.0 = Debug|Any CPU
		{A04CC030-118F-42E4-B9D5-8720F4796BF1}.Debug|x86.ActiveCfg = Debug|Any CPU
		{A04CC030-118F-42E4-B9D5-8720F4796BF1}.Debug|x86.Build.0 = Debug|Any CPU
		{A04CC030-118F-42E4-B9D5-8720F4796BF1}.DEMO|Any CPU.ActiveCfg = Debug|Any CPU
		{A04CC030-118F-42E4-B9D5-8720F4796BF1}.DEMO|Any CPU.Build.0 = Debug|Any CPU
		{A04CC030-118F-42E4-B9D5-8720F4796BF1}.DEMO|x86.ActiveCfg = Debug|Any CPU
		{A04CC030-118F-42E4-B9D5-8720F4796BF1}.DEMO|x86.Build.0 = Debug|Any CPU
		{A04CC030-118F-42E4-B9D5-8720F4796BF1}.DEVSTAGE|Any CPU.ActiveCfg = Debug|Any CPU
		{A04CC030-118F-42E4-B9D5-8720F4796BF1}.DEVSTAGE|Any CPU.Build.0 = Debug|Any CPU
		{A04CC030-118F-42E4-B9D5-8720F4796BF1}.DEVSTAGE|x86.ActiveCfg = Debug|Any CPU
		{A04CC030-118F-42E4-B9D5-8720F4796BF1}.DEVSTAGE|x86.Build.0 = Debug|Any CPU
		{A04CC030-118F-42E4-B9D5-8720F4796BF1}.MIKETESTENV|Any CPU.ActiveCfg = Release|Any CPU
		{A04CC030-118F-42E4-B9D5-8720F4796BF1}.MIKETESTENV|Any CPU.Build.0 = Release|Any CPU
		{A04CC030-118F-42E4-B9D5-8720F4796BF1}.MIKETESTENV|x86.ActiveCfg = Release|Any CPU
		{A04CC030-118F-42E4-B9D5-8720F4796BF1}.MIKETESTENV|x86.Build.0 = Release|Any CPU
		{A04CC030-118F-42E4-B9D5-8720F4796BF1}.PRODUCTIONSUPORT|Any CPU.ActiveCfg = Release|Any CPU
		{A04CC030-118F-42E4-B9D5-8720F4796BF1}.PRODUCTIONSUPORT|Any CPU.Build.0 = Release|Any CPU
		{A04CC030-118F-42E4-B9D5-8720F4796BF1}.PRODUCTIONSUPORT|x86.ActiveCfg = Release|Any CPU
		{A04CC030-118F-42E4-B9D5-8720F4796BF1}.PRODUCTIONSUPORT|x86.Build.0 = Release|Any CPU
		{A04CC030-118F-42E4-B9D5-8720F4796BF1}.QA|Any CPU.ActiveCfg = Release|Any CPU
		{A04CC030-118F-42E4-B9D5-8720F4796BF1}.QA|Any CPU.Build.0 = Release|Any CPU
		{A04CC030-118F-42E4-B9D5-8720F4796BF1}.QA|x86.ActiveCfg = Release|Any CPU
		{A04CC030-118F-42E4-B9D5-8720F4796BF1}.QA|x86.Build.0 = Release|Any CPU
		{A04CC030-118F-42E4-B9D5-8720F4796BF1}.QASTAGE|Any CPU.ActiveCfg = Release|Any CPU
		{A04CC030-118F-42E4-B9D5-8720F4796BF1}.QASTAGE|Any CPU.Build.0 = Release|Any CPU
		{A04CC030-118F-42E4-B9D5-8720F4796BF1}.QASTAGE|x86.ActiveCfg = Release|Any CPU
		{A04CC030-118F-42E4-B9D5-8720F4796BF1}.QASTAGE|x86.Build.0 = Release|Any CPU
		{A04CC030-118F-42E4-B9D5-8720F4796BF1}.QASTAGE02|Any CPU.ActiveCfg = Release|Any CPU
		{A04CC030-118F-42E4-B9D5-8720F4796BF1}.QASTAGE02|Any CPU.Build.0 = Release|Any CPU
		{A04CC030-118F-42E4-B9D5-8720F4796BF1}.QASTAGE02|x86.ActiveCfg = Release|Any CPU
		{A04CC030-118F-42E4-B9D5-8720F4796BF1}.QASTAGE02|x86.Build.0 = Release|Any CPU
		{A04CC030-118F-42E4-B9D5-8720F4796BF1}.Release|Any CPU.ActiveCfg = Release|Any CPU
		{A04CC030-118F-42E4-B9D5-8720F4796BF1}.Release|Any CPU.Build.0 = Release|Any CPU
		{A04CC030-118F-42E4-B9D5-8720F4796BF1}.Release|x86.ActiveCfg = Release|Any CPU
		{A04CC030-118F-42E4-B9D5-8720F4796BF1}.Release|x86.Build.0 = Release|Any CPU
		{A04CC030-118F-42E4-B9D5-8720F4796BF1}.UAT 2|Any CPU.ActiveCfg = Release|Any CPU
		{A04CC030-118F-42E4-B9D5-8720F4796BF1}.UAT 2|Any CPU.Build.0 = Release|Any CPU
		{A04CC030-118F-42E4-B9D5-8720F4796BF1}.UAT 2|x86.ActiveCfg = Release|Any CPU
		{A04CC030-118F-42E4-B9D5-8720F4796BF1}.UAT 2|x86.Build.0 = Release|Any CPU
		{A04CC030-118F-42E4-B9D5-8720F4796BF1}.UAT|Any CPU.ActiveCfg = Release|Any CPU
		{A04CC030-118F-42E4-B9D5-8720F4796BF1}.UAT|Any CPU.Build.0 = Release|Any CPU
		{A04CC030-118F-42E4-B9D5-8720F4796BF1}.UAT|x86.ActiveCfg = Release|Any CPU
		{A04CC030-118F-42E4-B9D5-8720F4796BF1}.UAT|x86.Build.0 = Release|Any CPU
		{5BE7FE45-26FB-489D-B5D3-F2CA7529EC8E}.Debug|Any CPU.ActiveCfg = Debug|Any CPU
		{5BE7FE45-26FB-489D-B5D3-F2CA7529EC8E}.Debug|Any CPU.Build.0 = Debug|Any CPU
		{5BE7FE45-26FB-489D-B5D3-F2CA7529EC8E}.Debug|x86.ActiveCfg = Debug|Any CPU
		{5BE7FE45-26FB-489D-B5D3-F2CA7529EC8E}.Debug|x86.Build.0 = Debug|Any CPU
		{5BE7FE45-26FB-489D-B5D3-F2CA7529EC8E}.DEMO|Any CPU.ActiveCfg = Debug|Any CPU
		{5BE7FE45-26FB-489D-B5D3-F2CA7529EC8E}.DEMO|Any CPU.Build.0 = Debug|Any CPU
		{5BE7FE45-26FB-489D-B5D3-F2CA7529EC8E}.DEMO|x86.ActiveCfg = Debug|Any CPU
		{5BE7FE45-26FB-489D-B5D3-F2CA7529EC8E}.DEMO|x86.Build.0 = Debug|Any CPU
		{5BE7FE45-26FB-489D-B5D3-F2CA7529EC8E}.DEVSTAGE|Any CPU.ActiveCfg = Debug|Any CPU
		{5BE7FE45-26FB-489D-B5D3-F2CA7529EC8E}.DEVSTAGE|Any CPU.Build.0 = Debug|Any CPU
		{5BE7FE45-26FB-489D-B5D3-F2CA7529EC8E}.DEVSTAGE|x86.ActiveCfg = Debug|Any CPU
		{5BE7FE45-26FB-489D-B5D3-F2CA7529EC8E}.DEVSTAGE|x86.Build.0 = Debug|Any CPU
		{5BE7FE45-26FB-489D-B5D3-F2CA7529EC8E}.MIKETESTENV|Any CPU.ActiveCfg = Release|Any CPU
		{5BE7FE45-26FB-489D-B5D3-F2CA7529EC8E}.MIKETESTENV|Any CPU.Build.0 = Release|Any CPU
		{5BE7FE45-26FB-489D-B5D3-F2CA7529EC8E}.MIKETESTENV|x86.ActiveCfg = Release|Any CPU
		{5BE7FE45-26FB-489D-B5D3-F2CA7529EC8E}.MIKETESTENV|x86.Build.0 = Release|Any CPU
		{5BE7FE45-26FB-489D-B5D3-F2CA7529EC8E}.PRODUCTIONSUPORT|Any CPU.ActiveCfg = Release|Any CPU
		{5BE7FE45-26FB-489D-B5D3-F2CA7529EC8E}.PRODUCTIONSUPORT|Any CPU.Build.0 = Release|Any CPU
		{5BE7FE45-26FB-489D-B5D3-F2CA7529EC8E}.PRODUCTIONSUPORT|x86.ActiveCfg = Release|Any CPU
		{5BE7FE45-26FB-489D-B5D3-F2CA7529EC8E}.PRODUCTIONSUPORT|x86.Build.0 = Release|Any CPU
		{5BE7FE45-26FB-489D-B5D3-F2CA7529EC8E}.QA|Any CPU.ActiveCfg = Release|Any CPU
		{5BE7FE45-26FB-489D-B5D3-F2CA7529EC8E}.QA|Any CPU.Build.0 = Release|Any CPU
		{5BE7FE45-26FB-489D-B5D3-F2CA7529EC8E}.QA|x86.ActiveCfg = Release|Any CPU
		{5BE7FE45-26FB-489D-B5D3-F2CA7529EC8E}.QA|x86.Build.0 = Release|Any CPU
		{5BE7FE45-26FB-489D-B5D3-F2CA7529EC8E}.QASTAGE|Any CPU.ActiveCfg = Release|Any CPU
		{5BE7FE45-26FB-489D-B5D3-F2CA7529EC8E}.QASTAGE|Any CPU.Build.0 = Release|Any CPU
		{5BE7FE45-26FB-489D-B5D3-F2CA7529EC8E}.QASTAGE|x86.ActiveCfg = Release|Any CPU
		{5BE7FE45-26FB-489D-B5D3-F2CA7529EC8E}.QASTAGE|x86.Build.0 = Release|Any CPU
		{5BE7FE45-26FB-489D-B5D3-F2CA7529EC8E}.QASTAGE02|Any CPU.ActiveCfg = Release|Any CPU
		{5BE7FE45-26FB-489D-B5D3-F2CA7529EC8E}.QASTAGE02|Any CPU.Build.0 = Release|Any CPU
		{5BE7FE45-26FB-489D-B5D3-F2CA7529EC8E}.QASTAGE02|x86.ActiveCfg = Release|Any CPU
		{5BE7FE45-26FB-489D-B5D3-F2CA7529EC8E}.QASTAGE02|x86.Build.0 = Release|Any CPU
		{5BE7FE45-26FB-489D-B5D3-F2CA7529EC8E}.Release|Any CPU.ActiveCfg = Release|Any CPU
		{5BE7FE45-26FB-489D-B5D3-F2CA7529EC8E}.Release|Any CPU.Build.0 = Release|Any CPU
		{5BE7FE45-26FB-489D-B5D3-F2CA7529EC8E}.Release|x86.ActiveCfg = Release|Any CPU
		{5BE7FE45-26FB-489D-B5D3-F2CA7529EC8E}.Release|x86.Build.0 = Release|Any CPU
		{5BE7FE45-26FB-489D-B5D3-F2CA7529EC8E}.UAT 2|Any CPU.ActiveCfg = Release|Any CPU
		{5BE7FE45-26FB-489D-B5D3-F2CA7529EC8E}.UAT 2|Any CPU.Build.0 = Release|Any CPU
		{5BE7FE45-26FB-489D-B5D3-F2CA7529EC8E}.UAT 2|x86.ActiveCfg = Release|Any CPU
		{5BE7FE45-26FB-489D-B5D3-F2CA7529EC8E}.UAT 2|x86.Build.0 = Release|Any CPU
		{5BE7FE45-26FB-489D-B5D3-F2CA7529EC8E}.UAT|Any CPU.ActiveCfg = Release|Any CPU
		{5BE7FE45-26FB-489D-B5D3-F2CA7529EC8E}.UAT|Any CPU.Build.0 = Release|Any CPU
		{5BE7FE45-26FB-489D-B5D3-F2CA7529EC8E}.UAT|x86.ActiveCfg = Release|Any CPU
		{5BE7FE45-26FB-489D-B5D3-F2CA7529EC8E}.UAT|x86.Build.0 = Release|Any CPU
		{D3C95B7F-2E54-4818-886D-E921229AC8BF}.Debug|Any CPU.ActiveCfg = Debug|Any CPU
		{D3C95B7F-2E54-4818-886D-E921229AC8BF}.Debug|Any CPU.Build.0 = Debug|Any CPU
		{D3C95B7F-2E54-4818-886D-E921229AC8BF}.Debug|x86.ActiveCfg = Debug|Any CPU
		{D3C95B7F-2E54-4818-886D-E921229AC8BF}.Debug|x86.Build.0 = Debug|Any CPU
		{D3C95B7F-2E54-4818-886D-E921229AC8BF}.DEMO|Any CPU.ActiveCfg = Debug|Any CPU
		{D3C95B7F-2E54-4818-886D-E921229AC8BF}.DEMO|Any CPU.Build.0 = Debug|Any CPU
		{D3C95B7F-2E54-4818-886D-E921229AC8BF}.DEMO|x86.ActiveCfg = Debug|Any CPU
		{D3C95B7F-2E54-4818-886D-E921229AC8BF}.DEMO|x86.Build.0 = Debug|Any CPU
		{D3C95B7F-2E54-4818-886D-E921229AC8BF}.DEVSTAGE|Any CPU.ActiveCfg = Debug|Any CPU
		{D3C95B7F-2E54-4818-886D-E921229AC8BF}.DEVSTAGE|Any CPU.Build.0 = Debug|Any CPU
		{D3C95B7F-2E54-4818-886D-E921229AC8BF}.DEVSTAGE|x86.ActiveCfg = Debug|Any CPU
		{D3C95B7F-2E54-4818-886D-E921229AC8BF}.DEVSTAGE|x86.Build.0 = Debug|Any CPU
		{D3C95B7F-2E54-4818-886D-E921229AC8BF}.MIKETESTENV|Any CPU.ActiveCfg = Release|Any CPU
		{D3C95B7F-2E54-4818-886D-E921229AC8BF}.MIKETESTENV|Any CPU.Build.0 = Release|Any CPU
		{D3C95B7F-2E54-4818-886D-E921229AC8BF}.MIKETESTENV|x86.ActiveCfg = Release|Any CPU
		{D3C95B7F-2E54-4818-886D-E921229AC8BF}.MIKETESTENV|x86.Build.0 = Release|Any CPU
		{D3C95B7F-2E54-4818-886D-E921229AC8BF}.PRODUCTIONSUPORT|Any CPU.ActiveCfg = Release|Any CPU
		{D3C95B7F-2E54-4818-886D-E921229AC8BF}.PRODUCTIONSUPORT|Any CPU.Build.0 = Release|Any CPU
		{D3C95B7F-2E54-4818-886D-E921229AC8BF}.PRODUCTIONSUPORT|x86.ActiveCfg = Release|Any CPU
		{D3C95B7F-2E54-4818-886D-E921229AC8BF}.PRODUCTIONSUPORT|x86.Build.0 = Release|Any CPU
		{D3C95B7F-2E54-4818-886D-E921229AC8BF}.QA|Any CPU.ActiveCfg = Release|Any CPU
		{D3C95B7F-2E54-4818-886D-E921229AC8BF}.QA|Any CPU.Build.0 = Release|Any CPU
		{D3C95B7F-2E54-4818-886D-E921229AC8BF}.QA|x86.ActiveCfg = Release|Any CPU
		{D3C95B7F-2E54-4818-886D-E921229AC8BF}.QA|x86.Build.0 = Release|Any CPU
		{D3C95B7F-2E54-4818-886D-E921229AC8BF}.QASTAGE|Any CPU.ActiveCfg = Release|Any CPU
		{D3C95B7F-2E54-4818-886D-E921229AC8BF}.QASTAGE|Any CPU.Build.0 = Release|Any CPU
		{D3C95B7F-2E54-4818-886D-E921229AC8BF}.QASTAGE|x86.ActiveCfg = Release|Any CPU
		{D3C95B7F-2E54-4818-886D-E921229AC8BF}.QASTAGE|x86.Build.0 = Release|Any CPU
		{D3C95B7F-2E54-4818-886D-E921229AC8BF}.QASTAGE02|Any CPU.ActiveCfg = Release|Any CPU
		{D3C95B7F-2E54-4818-886D-E921229AC8BF}.QASTAGE02|Any CPU.Build.0 = Release|Any CPU
		{D3C95B7F-2E54-4818-886D-E921229AC8BF}.QASTAGE02|x86.ActiveCfg = Release|Any CPU
		{D3C95B7F-2E54-4818-886D-E921229AC8BF}.QASTAGE02|x86.Build.0 = Release|Any CPU
		{D3C95B7F-2E54-4818-886D-E921229AC8BF}.Release|Any CPU.ActiveCfg = Release|Any CPU
		{D3C95B7F-2E54-4818-886D-E921229AC8BF}.Release|Any CPU.Build.0 = Release|Any CPU
		{D3C95B7F-2E54-4818-886D-E921229AC8BF}.Release|x86.ActiveCfg = Release|Any CPU
		{D3C95B7F-2E54-4818-886D-E921229AC8BF}.Release|x86.Build.0 = Release|Any CPU
		{D3C95B7F-2E54-4818-886D-E921229AC8BF}.UAT 2|Any CPU.ActiveCfg = Release|Any CPU
		{D3C95B7F-2E54-4818-886D-E921229AC8BF}.UAT 2|Any CPU.Build.0 = Release|Any CPU
		{D3C95B7F-2E54-4818-886D-E921229AC8BF}.UAT 2|x86.ActiveCfg = Release|Any CPU
		{D3C95B7F-2E54-4818-886D-E921229AC8BF}.UAT 2|x86.Build.0 = Release|Any CPU
		{D3C95B7F-2E54-4818-886D-E921229AC8BF}.UAT|Any CPU.ActiveCfg = Release|Any CPU
		{D3C95B7F-2E54-4818-886D-E921229AC8BF}.UAT|Any CPU.Build.0 = Release|Any CPU
		{D3C95B7F-2E54-4818-886D-E921229AC8BF}.UAT|x86.ActiveCfg = Release|Any CPU
		{D3C95B7F-2E54-4818-886D-E921229AC8BF}.UAT|x86.Build.0 = Release|Any CPU
		{6FC38DC6-B98B-4928-831A-C3D122B9C981}.Debug|Any CPU.ActiveCfg = Debug|Any CPU
		{6FC38DC6-B98B-4928-831A-C3D122B9C981}.Debug|Any CPU.Build.0 = Debug|Any CPU
		{6FC38DC6-B98B-4928-831A-C3D122B9C981}.Debug|x86.ActiveCfg = Debug|Any CPU
		{6FC38DC6-B98B-4928-831A-C3D122B9C981}.Debug|x86.Build.0 = Debug|Any CPU
		{6FC38DC6-B98B-4928-831A-C3D122B9C981}.DEMO|Any CPU.ActiveCfg = Release|Any CPU
		{6FC38DC6-B98B-4928-831A-C3D122B9C981}.DEMO|Any CPU.Build.0 = Release|Any CPU
		{6FC38DC6-B98B-4928-831A-C3D122B9C981}.DEMO|x86.ActiveCfg = Release|Any CPU
		{6FC38DC6-B98B-4928-831A-C3D122B9C981}.DEMO|x86.Build.0 = Release|Any CPU
		{6FC38DC6-B98B-4928-831A-C3D122B9C981}.DEVSTAGE|Any CPU.ActiveCfg = Release|Any CPU
		{6FC38DC6-B98B-4928-831A-C3D122B9C981}.DEVSTAGE|Any CPU.Build.0 = Release|Any CPU
		{6FC38DC6-B98B-4928-831A-C3D122B9C981}.DEVSTAGE|x86.ActiveCfg = Release|Any CPU
		{6FC38DC6-B98B-4928-831A-C3D122B9C981}.DEVSTAGE|x86.Build.0 = Release|Any CPU
		{6FC38DC6-B98B-4928-831A-C3D122B9C981}.MIKETESTENV|Any CPU.ActiveCfg = Debug|Any CPU
		{6FC38DC6-B98B-4928-831A-C3D122B9C981}.MIKETESTENV|Any CPU.Build.0 = Debug|Any CPU
		{6FC38DC6-B98B-4928-831A-C3D122B9C981}.MIKETESTENV|x86.ActiveCfg = Debug|Any CPU
		{6FC38DC6-B98B-4928-831A-C3D122B9C981}.MIKETESTENV|x86.Build.0 = Debug|Any CPU
		{6FC38DC6-B98B-4928-831A-C3D122B9C981}.PRODUCTIONSUPORT|Any CPU.ActiveCfg = Release|Any CPU
		{6FC38DC6-B98B-4928-831A-C3D122B9C981}.PRODUCTIONSUPORT|Any CPU.Build.0 = Release|Any CPU
		{6FC38DC6-B98B-4928-831A-C3D122B9C981}.PRODUCTIONSUPORT|x86.ActiveCfg = Release|Any CPU
		{6FC38DC6-B98B-4928-831A-C3D122B9C981}.PRODUCTIONSUPORT|x86.Build.0 = Release|Any CPU
		{6FC38DC6-B98B-4928-831A-C3D122B9C981}.QA|Any CPU.ActiveCfg = Debug|Any CPU
		{6FC38DC6-B98B-4928-831A-C3D122B9C981}.QA|Any CPU.Build.0 = Debug|Any CPU
		{6FC38DC6-B98B-4928-831A-C3D122B9C981}.QA|x86.ActiveCfg = Debug|Any CPU
		{6FC38DC6-B98B-4928-831A-C3D122B9C981}.QA|x86.Build.0 = Debug|Any CPU
		{6FC38DC6-B98B-4928-831A-C3D122B9C981}.QASTAGE|Any CPU.ActiveCfg = Debug|Any CPU
		{6FC38DC6-B98B-4928-831A-C3D122B9C981}.QASTAGE|Any CPU.Build.0 = Debug|Any CPU
		{6FC38DC6-B98B-4928-831A-C3D122B9C981}.QASTAGE|x86.ActiveCfg = Debug|Any CPU
		{6FC38DC6-B98B-4928-831A-C3D122B9C981}.QASTAGE|x86.Build.0 = Debug|Any CPU
		{6FC38DC6-B98B-4928-831A-C3D122B9C981}.QASTAGE02|Any CPU.ActiveCfg = Debug|Any CPU
		{6FC38DC6-B98B-4928-831A-C3D122B9C981}.QASTAGE02|Any CPU.Build.0 = Debug|Any CPU
		{6FC38DC6-B98B-4928-831A-C3D122B9C981}.QASTAGE02|x86.ActiveCfg = Debug|Any CPU
		{6FC38DC6-B98B-4928-831A-C3D122B9C981}.QASTAGE02|x86.Build.0 = Debug|Any CPU
		{6FC38DC6-B98B-4928-831A-C3D122B9C981}.Release|Any CPU.ActiveCfg = Release|Any CPU
		{6FC38DC6-B98B-4928-831A-C3D122B9C981}.Release|Any CPU.Build.0 = Release|Any CPU
		{6FC38DC6-B98B-4928-831A-C3D122B9C981}.Release|x86.ActiveCfg = Release|Any CPU
		{6FC38DC6-B98B-4928-831A-C3D122B9C981}.Release|x86.Build.0 = Release|Any CPU
		{6FC38DC6-B98B-4928-831A-C3D122B9C981}.UAT 2|Any CPU.ActiveCfg = Debug|Any CPU
		{6FC38DC6-B98B-4928-831A-C3D122B9C981}.UAT 2|Any CPU.Build.0 = Debug|Any CPU
		{6FC38DC6-B98B-4928-831A-C3D122B9C981}.UAT 2|x86.ActiveCfg = Debug|Any CPU
		{6FC38DC6-B98B-4928-831A-C3D122B9C981}.UAT 2|x86.Build.0 = Debug|Any CPU
		{6FC38DC6-B98B-4928-831A-C3D122B9C981}.UAT|Any CPU.ActiveCfg = Debug|Any CPU
		{6FC38DC6-B98B-4928-831A-C3D122B9C981}.UAT|Any CPU.Build.0 = Debug|Any CPU
		{6FC38DC6-B98B-4928-831A-C3D122B9C981}.UAT|x86.ActiveCfg = Debug|Any CPU
		{6FC38DC6-B98B-4928-831A-C3D122B9C981}.UAT|x86.Build.0 = Debug|Any CPU
	EndGlobalSection
	GlobalSection(SolutionProperties) = preSolution
		HideSolutionNode = FALSE
	EndGlobalSection
	GlobalSection(ExtensibilityGlobals) = postSolution
		SolutionGuid = {62F2B810-54A0-42B4-A8F4-B7396A571144}
	EndGlobalSection
EndGlobal
